
Microsoft Visual Studio Solution File, Format Version 12.00
# Visual Studio Version 16
VisualStudioVersion = 16.0.31911.196
MinimumVisualStudioVersion = 10.0.40219.1
Project("{FAE04EC0-301F-11D3-BF4B-00C04F79EFBC}") = "APIGetaway", "APIGetaway\APIGetaway.csproj", "{92637B37-2439-41F1-BC22-C53728C400AC}"
EndProject
Project("{FAE04EC0-301F-11D3-BF4B-00C04F79EFBC}") = "Contact.API", "Services\ContactAPI\Contact.API\Contact.API.csproj", "{C13B8BF0-E09A-4007-BBB0-227A4C1875C5}"
EndProject
Project("{2150E333-8FDC-42A3-9474-1A3956D46DE8}") = "Services", "Services", "{F04D02D1-7B09-4B5A-B6AC-4242F5175096}"
EndProject
Project("{FAE04EC0-301F-11D3-BF4B-00C04F79EFBC}") = "Reservation.API", "Services\ResAPI\Reservation.API\Reservation.API.csproj", "{C5C072ED-07FB-4EE1-938D-0778F852FCF5}"
EndProject
Project("{2150E333-8FDC-42A3-9474-1A3956D46DE8}") = "ContactAPI", "ContactAPI", "{D4F98D72-0659-47B7-BBF8-D0F5A5134D63}"
EndProject
Project("{2150E333-8FDC-42A3-9474-1A3956D46DE8}") = "ReservationAPI", "ReservationAPI", "{E7E66138-1631-4DF4-84F1-BDFAA9A5AEC4}"
EndProject
Project("{FAE04EC0-301F-11D3-BF4B-00C04F79EFBC}") = "Contact.API.Infrastructure", "Services\ContactAPI\Contact.API.Infrastructure\Contact.API.Infrastructure.csproj", "{56579DCF-59F6-49CF-BD81-C062F15939F7}"
EndProject
Project("{FAE04EC0-301F-11D3-BF4B-00C04F79EFBC}") = "Contact.API.Models", "Services\ContactAPI\Contact.API.Models\Contact.API.Models.csproj", "{1A11E164-90BD-4428-AE13-EC69FAE23EF6}"
EndProject
Project("{FAE04EC0-301F-11D3-BF4B-00C04F79EFBC}") = "Contact.API.Services", "Services\ContactAPI\Contact.API.Services\Contact.API.Services.csproj", "{F6728B93-7ACF-4F95-92E4-65C554ADDE9B}"
EndProject
Project("{FAE04EC0-301F-11D3-BF4B-00C04F79EFBC}") = "Reservation.API.Infrastructure", "Services\ResAPI\Reservation.API.Infrastructure\Reservation.API.Infrastructure.csproj", "{8E92BE3D-397F-4269-BF0F-A0ECC6987957}"
EndProject
Project("{FAE04EC0-301F-11D3-BF4B-00C04F79EFBC}") = "Reservation.API.Models", "Services\ResAPI\Reservation.API.Models\Reservation.API.Models.csproj", "{B4DF7735-C4FB-4C25-B06D-360C86FDB922}"
EndProject
Project("{FAE04EC0-301F-11D3-BF4B-00C04F79EFBC}") = "Reservation.API.Services", "Services\ResAPI\Reservation.API.Services\Reservation.API.Services.csproj", "{8EB2391A-A1BB-47EC-BCE7-FFA6A3179B1A}"
EndProject
Global
	GlobalSection(SolutionConfigurationPlatforms) = preSolution
		Debug|Any CPU = Debug|Any CPU
		Release|Any CPU = Release|Any CPU
	EndGlobalSection
	GlobalSection(ProjectConfigurationPlatforms) = postSolution
		{92637B37-2439-41F1-BC22-C53728C400AC}.Debug|Any CPU.ActiveCfg = Debug|Any CPU
		{92637B37-2439-41F1-BC22-C53728C400AC}.Debug|Any CPU.Build.0 = Debug|Any CPU
		{92637B37-2439-41F1-BC22-C53728C400AC}.Release|Any CPU.ActiveCfg = Release|Any CPU
		{92637B37-2439-41F1-BC22-C53728C400AC}.Release|Any CPU.Build.0 = Release|Any CPU
		{C13B8BF0-E09A-4007-BBB0-227A4C1875C5}.Debug|Any CPU.ActiveCfg = Debug|Any CPU
		{C13B8BF0-E09A-4007-BBB0-227A4C1875C5}.Debug|Any CPU.Build.0 = Debug|Any CPU
		{C13B8BF0-E09A-4007-BBB0-227A4C1875C5}.Release|Any CPU.ActiveCfg = Release|Any CPU
		{C13B8BF0-E09A-4007-BBB0-227A4C1875C5}.Release|Any CPU.Build.0 = Release|Any CPU
		{C5C072ED-07FB-4EE1-938D-0778F852FCF5}.Debug|Any CPU.ActiveCfg = Debug|Any CPU
		{C5C072ED-07FB-4EE1-938D-0778F852FCF5}.Debug|Any CPU.Build.0 = Debug|Any CPU
		{C5C072ED-07FB-4EE1-938D-0778F852FCF5}.Release|Any CPU.ActiveCfg = Release|Any CPU
		{C5C072ED-07FB-4EE1-938D-0778F852FCF5}.Release|Any CPU.Build.0 = Release|Any CPU
		{56579DCF-59F6-49CF-BD81-C062F15939F7}.Debug|Any CPU.ActiveCfg = Debug|Any CPU
		{56579DCF-59F6-49CF-BD81-C062F15939F7}.Debug|Any CPU.Build.0 = Debug|Any CPU
		{56579DCF-59F6-49CF-BD81-C062F15939F7}.Release|Any CPU.ActiveCfg = Release|Any CPU
		{56579DCF-59F6-49CF-BD81-C062F15939F7}.Release|Any CPU.Build.0 = Release|Any CPU
		{1A11E164-90BD-4428-AE13-EC69FAE23EF6}.Debug|Any CPU.ActiveCfg = Debug|Any CPU
		{1A11E164-90BD-4428-AE13-EC69FAE23EF6}.Debug|Any CPU.Build.0 = Debug|Any CPU
		{1A11E164-90BD-4428-AE13-EC69FAE23EF6}.Release|Any CPU.ActiveCfg = Release|Any CPU
		{1A11E164-90BD-4428-AE13-EC69FAE23EF6}.Release|Any CPU.Build.0 = Release|Any CPU
		{F6728B93-7ACF-4F95-92E4-65C554ADDE9B}.Debug|Any CPU.ActiveCfg = Debug|Any CPU
		{F6728B93-7ACF-4F95-92E4-65C554ADDE9B}.Debug|Any CPU.Build.0 = Debug|Any CPU
		{F6728B93-7ACF-4F95-92E4-65C554ADDE9B}.Release|Any CPU.ActiveCfg = Release|Any CPU
		{F6728B93-7ACF-4F95-92E4-65C554ADDE9B}.Release|Any CPU.Build.0 = Release|Any CPU
		{8E92BE3D-397F-4269-BF0F-A0ECC6987957}.Debug|Any CPU.ActiveCfg = Debug|Any CPU
		{8E92BE3D-397F-4269-BF0F-A0ECC6987957}.Debug|Any CPU.Build.0 = Debug|Any CPU
		{8E92BE3D-397F-4269-BF0F-A0ECC6987957}.Release|Any CPU.ActiveCfg = Release|Any CPU
		{8E92BE3D-397F-4269-BF0F-A0ECC6987957}.Release|Any CPU.Build.0 = Release|Any CPU
		{B4DF7735-C4FB-4C25-B06D-360C86FDB922}.Debug|Any CPU.ActiveCfg = Debug|Any CPU
		{B4DF7735-C4FB-4C25-B06D-360C86FDB922}.Debug|Any CPU.Build.0 = Debug|Any CPU
		{B4DF7735-C4FB-4C25-B06D-360C86FDB922}.Release|Any CPU.ActiveCfg = Release|Any CPU
		{B4DF7735-C4FB-4C25-B06D-360C86FDB922}.Release|Any CPU.Build.0 = Release|Any CPU
		{8EB2391A-A1BB-47EC-BCE7-FFA6A3179B1A}.Debug|Any CPU.ActiveCfg = Debug|Any CPU
		{8EB2391A-A1BB-47EC-BCE7-FFA6A3179B1A}.Debug|Any CPU.Build.0 = Debug|Any CPU
		{8EB2391A-A1BB-47EC-BCE7-FFA6A3179B1A}.Release|Any CPU.ActiveCfg = Release|Any CPU
		{8EB2391A-A1BB-47EC-BCE7-FFA6A3179B1A}.Release|Any CPU.Build.0 = Release|Any CPU
	EndGlobalSection
	GlobalSection(SolutionProperties) = preSolution
		HideSolutionNode = FALSE
	EndGlobalSection
	GlobalSection(NestedProjects) = preSolution
		{C13B8BF0-E09A-4007-BBB0-227A4C1875C5} = {D4F98D72-0659-47B7-BBF8-D0F5A5134D63}
		{C5C072ED-07FB-4EE1-938D-0778F852FCF5} = {E7E66138-1631-4DF4-84F1-BDFAA9A5AEC4}
		{D4F98D72-0659-47B7-BBF8-D0F5A5134D63} = {F04D02D1-7B09-4B5A-B6AC-4242F5175096}
		{E7E66138-1631-4DF4-84F1-BDFAA9A5AEC4} = {F04D02D1-7B09-4B5A-B6AC-4242F5175096}
		{56579DCF-59F6-49CF-BD81-C062F15939F7} = {D4F98D72-0659-47B7-BBF8-D0F5A5134D63}
		{1A11E164-90BD-4428-AE13-EC69FAE23EF6} = {D4F98D72-0659-47B7-BBF8-D0F5A5134D63}
		{F6728B93-7ACF-4F95-92E4-65C554ADDE9B} = {D4F98D72-0659-47B7-BBF8-D0F5A5134D63}
		{8E92BE3D-397F-4269-BF0F-A0ECC6987957} = {E7E66138-1631-4DF4-84F1-BDFAA9A5AEC4}
		{B4DF7735-C4FB-4C25-B06D-360C86FDB922} = {E7E66138-1631-4DF4-84F1-BDFAA9A5AEC4}
		{8EB2391A-A1BB-47EC-BCE7-FFA6A3179B1A} = {E7E66138-1631-4DF4-84F1-BDFAA9A5AEC4}
	EndGlobalSection
	GlobalSection(ExtensibilityGlobals) = postSolution
		SolutionGuid = {554363AD-EF1A-4B24-8378-6332835BA712}
	EndGlobalSection
EndGlobal
